
Microsoft Visual Studio Solution File, Format Version 12.00
# Visual Studio Version 17
VisualStudioVersion = 17.10.35122.118
MinimumVisualStudioVersion = 10.0.40219.1
Project("{9A19103F-16F7-4668-BE54-9A1E7A4F7556}") = "Shop_Tech_Server", "Shop_Tech_Server\Shop_Tech_Server.csproj", "{8A2865C9-88B9-4013-AA99-200AE7142E59}"
EndProject
Project("{9A19103F-16F7-4668-BE54-9A1E7A4F7556}") = "Shop_Tech_Client", "Shop_Tech_Client\Shop_Tech_Client.csproj", "{A07280F9-A54E-4B13-905D-2CEEE8685EAE}"
EndProject
Project("{9A19103F-16F7-4668-BE54-9A1E7A4F7556}") = "Shop_Tech_Shared_Library", "Shop_Tech_Shared_Library\Shop_Tech_Shared_Library.csproj", "{7F994D41-767D-4DAC-9A8A-E5FFB7794187}"
EndProject
Global
	GlobalSection(SolutionConfigurationPlatforms) = preSolution
		Debug|Any CPU = Debug|Any CPU
		Release|Any CPU = Release|Any CPU
	EndGlobalSection
	GlobalSection(ProjectConfigurationPlatforms) = postSolution
		{8A2865C9-88B9-4013-AA99-200AE7142E59}.Debug|Any CPU.ActiveCfg = Debug|Any CPU
		{8A2865C9-88B9-4013-AA99-200AE7142E59}.Debug|Any CPU.Build.0 = Debug|Any CPU
		{8A2865C9-88B9-4013-AA99-200AE7142E59}.Release|Any CPU.ActiveCfg = Release|Any CPU
		{8A2865C9-88B9-4013-AA99-200AE7142E59}.Release|Any CPU.Build.0 = Release|Any CPU
		{A07280F9-A54E-4B13-905D-2CEEE8685EAE}.Debug|Any CPU.ActiveCfg = Debug|Any CPU
		{A07280F9-A54E-4B13-905D-2CEEE8685EAE}.Debug|Any CPU.Build.0 = Debug|Any CPU
		{A07280F9-A54E-4B13-905D-2CEEE8685EAE}.Release|Any CPU.ActiveCfg = Release|Any CPU
		{A07280F9-A54E-4B13-905D-2CEEE8685EAE}.Release|Any CPU.Build.0 = Release|Any CPU
		{7F994D41-767D-4DAC-9A8A-E5FFB7794187}.Debug|Any CPU.ActiveCfg = Debug|Any CPU
		{7F994D41-767D-4DAC-9A8A-E5FFB7794187}.Debug|Any CPU.Build.0 = Debug|Any CPU
		{7F994D41-767D-4DAC-9A8A-E5FFB7794187}.Release|Any CPU.ActiveCfg = Release|Any CPU
		{7F994D41-767D-4DAC-9A8A-E5FFB7794187}.Release|Any CPU.Build.0 = Release|Any CPU
	EndGlobalSection
	GlobalSection(SolutionProperties) = preSolution
		HideSolutionNode = FALSE
	EndGlobalSection
	GlobalSection(ExtensibilityGlobals) = postSolution
		SolutionGuid = {89C173C6-F5C1-420C-8D2F-86840585DE44}
	EndGlobalSection
EndGlobal
